{
  "name": "logging-in-xhr-web-form",
  "version": "1.0.0",
  "lockfileVersion": 1,
  "requires": true,
  "dependencies": {
    "cypress-pipe": {
      "version": "1.6.4",
      "resolved": "https://registry.npmjs.org/cypress-pipe/-/cypress-pipe-1.6.4.tgz",
      "integrity": "sha512-YwTELHvF499pnYGNEL2VaCx4u2eBmdVmQyz/BXh1pvU9HgAuIqm8QCULawfCA+B2Iw7rrSIGvMIrCzjFPCCpbg==",
      "dev": true
    }
  }
}
